
Microsoft Visual Studio Solution File, Format Version 12.00
# Visual Studio 15
VisualStudioVersion = 15.0.28307.852
MinimumVisualStudioVersion = 10.0.40219.1
Project("{FAE04EC0-301F-11D3-BF4B-00C04F79EFBC}") = "WebScraping", "WebScraping\WebScraping.csproj", "{4414B5E4-3D48-4FE7-B112-88AE8EC2DD8E}"
EndProject
Global
	GlobalSection(SolutionConfigurationPlatforms) = preSolution
		Debug|Any CPU = Debug|Any CPU
		Release|Any CPU = Release|Any CPU
		Separate|Any CPU = Separate|Any CPU
	EndGlobalSection
	GlobalSection(ProjectConfigurationPlatforms) = postSolution
		{4414B5E4-3D48-4FE7-B112-88AE8EC2DD8E}.Debug|Any CPU.ActiveCfg = Debug|Any CPU
		{4414B5E4-3D48-4FE7-B112-88AE8EC2DD8E}.Debug|Any CPU.Build.0 = Debug|Any CPU
		{4414B5E4-3D48-4FE7-B112-88AE8EC2DD8E}.Release|Any CPU.ActiveCfg = Release|Any CPU
		{4414B5E4-3D48-4FE7-B112-88AE8EC2DD8E}.Release|Any CPU.Build.0 = Release|Any CPU
		{4414B5E4-3D48-4FE7-B112-88AE8EC2DD8E}.Separate|Any CPU.ActiveCfg = Separate|Any CPU
		{4414B5E4-3D48-4FE7-B112-88AE8EC2DD8E}.Separate|Any CPU.Build.0 = Separate|Any CPU
	EndGlobalSection
	GlobalSection(SolutionProperties) = preSolution
		HideSolutionNode = FALSE
	EndGlobalSection
	GlobalSection(ExtensibilityGlobals) = postSolution
		SolutionGuid = {6909B3F2-7E76-49F8-9648-3611204DA5C5}
	EndGlobalSection
EndGlobal
