
Microsoft Visual Studio Solution File, Format Version 12.00
# Visual Studio 15
VisualStudioVersion = 15.0.28307.1585
MinimumVisualStudioVersion = 10.0.40219.1
Project("{FAE04EC0-301F-11D3-BF4B-00C04F79EFBC}") = "progresstest", "progresstest\progresstest.csproj", "{F5F0D4B1-5A04-4F1D-91B3-7C8BB94C8E04}"
EndProject
Global
	GlobalSection(SolutionConfigurationPlatforms) = preSolution
		Debug|Any CPU = Debug|Any CPU
		Release|Any CPU = Release|Any CPU
	EndGlobalSection
	GlobalSection(ProjectConfigurationPlatforms) = postSolution
		{F5F0D4B1-5A04-4F1D-91B3-7C8BB94C8E04}.Debug|Any CPU.ActiveCfg = Debug|Any CPU
		{F5F0D4B1-5A04-4F1D-91B3-7C8BB94C8E04}.Debug|Any CPU.Build.0 = Debug|Any CPU
		{F5F0D4B1-5A04-4F1D-91B3-7C8BB94C8E04}.Release|Any CPU.ActiveCfg = Release|Any CPU
		{F5F0D4B1-5A04-4F1D-91B3-7C8BB94C8E04}.Release|Any CPU.Build.0 = Release|Any CPU
	EndGlobalSection
	GlobalSection(SolutionProperties) = preSolution
		HideSolutionNode = FALSE
	EndGlobalSection
	GlobalSection(ExtensibilityGlobals) = postSolution
		SolutionGuid = {899EF75D-0F9E-4A4B-BED5-C4536D67BD7F}
	EndGlobalSection
EndGlobal
